
Microsoft Visual Studio Solution File, Format Version 12.00
# Visual Studio Version 17
VisualStudioVersion = 17.0.31903.59
MinimumVisualStudioVersion = 10.0.40219.1
Project("{FAE04EC0-301F-11D3-BF4B-00C04F79EFBC}") = "TaskBlaster", "TaskBlaster\TaskBlaster.csproj", "{EF525230-4EDA-4E68-9FAB-702FCAD72576}"
EndProject
Project("{FAE04EC0-301F-11D3-BF4B-00C04F79EFBC}") = "TaskBlasterTests", "TaskBlasterTests\TaskBlasterTests.csproj", "{749343E6-51CF-45AA-BD5D-7F6234F62B7E}"
EndProject
Global
	GlobalSection(SolutionConfigurationPlatforms) = preSolution
		Debug|Any CPU = Debug|Any CPU
		Release|Any CPU = Release|Any CPU
	EndGlobalSection
	GlobalSection(SolutionProperties) = preSolution
		HideSolutionNode = FALSE
	EndGlobalSection
	GlobalSection(ProjectConfigurationPlatforms) = postSolution
		{EF525230-4EDA-4E68-9FAB-702FCAD72576}.Debug|Any CPU.ActiveCfg = Debug|Any CPU
		{EF525230-4EDA-4E68-9FAB-702FCAD72576}.Debug|Any CPU.Build.0 = Debug|Any CPU
		{EF525230-4EDA-4E68-9FAB-702FCAD72576}.Release|Any CPU.ActiveCfg = Release|Any CPU
		{EF525230-4EDA-4E68-9FAB-702FCAD72576}.Release|Any CPU.Build.0 = Release|Any CPU
		{749343E6-51CF-45AA-BD5D-7F6234F62B7E}.Debug|Any CPU.ActiveCfg = Debug|Any CPU
		{749343E6-51CF-45AA-BD5D-7F6234F62B7E}.Debug|Any CPU.Build.0 = Debug|Any CPU
		{749343E6-51CF-45AA-BD5D-7F6234F62B7E}.Release|Any CPU.ActiveCfg = Release|Any CPU
		{749343E6-51CF-45AA-BD5D-7F6234F62B7E}.Release|Any CPU.Build.0 = Release|Any CPU
	EndGlobalSection
EndGlobal
