
Microsoft Visual Studio Solution File, Format Version 12.00
# Visual Studio Version 17
VisualStudioVersion = 17.0.31903.59
MinimumVisualStudioVersion = 10.0.40219.1
Project("{FAE04EC0-301F-11D3-BF4B-00C04F79EFBC}") = "TaskBlaster", "TaskBlaster\TaskBlaster.csproj", "{2A85CAE1-CD68-4376-BE31-D343BA8BBE21}"
EndProject
Project("{FAE04EC0-301F-11D3-BF4B-00C04F79EFBC}") = "TaskBlasterTests", "TaskBlasterTests\TaskBlasterTests.csproj", "{2DC49439-2436-46AE-AC3D-F028A071FA5D}"
EndProject
Global
	GlobalSection(SolutionConfigurationPlatforms) = preSolution
		Debug|Any CPU = Debug|Any CPU
		Release|Any CPU = Release|Any CPU
	EndGlobalSection
	GlobalSection(SolutionProperties) = preSolution
		HideSolutionNode = FALSE
	EndGlobalSection
	GlobalSection(ProjectConfigurationPlatforms) = postSolution
		{2A85CAE1-CD68-4376-BE31-D343BA8BBE21}.Debug|Any CPU.ActiveCfg = Debug|Any CPU
		{2A85CAE1-CD68-4376-BE31-D343BA8BBE21}.Debug|Any CPU.Build.0 = Debug|Any CPU
		{2A85CAE1-CD68-4376-BE31-D343BA8BBE21}.Release|Any CPU.ActiveCfg = Release|Any CPU
		{2A85CAE1-CD68-4376-BE31-D343BA8BBE21}.Release|Any CPU.Build.0 = Release|Any CPU
		{2DC49439-2436-46AE-AC3D-F028A071FA5D}.Debug|Any CPU.ActiveCfg = Debug|Any CPU
		{2DC49439-2436-46AE-AC3D-F028A071FA5D}.Debug|Any CPU.Build.0 = Debug|Any CPU
		{2DC49439-2436-46AE-AC3D-F028A071FA5D}.Release|Any CPU.ActiveCfg = Release|Any CPU
		{2DC49439-2436-46AE-AC3D-F028A071FA5D}.Release|Any CPU.Build.0 = Release|Any CPU
	EndGlobalSection
EndGlobal
